
Microsoft Visual Studio Solution File, Format Version 12.00
# Visual Studio Version 17
VisualStudioVersion = 17.5.002.0
MinimumVisualStudioVersion = 10.0.40219.1
Project("{9A19103F-16F7-4668-BE54-9A1E7A4F7556}") = "parcial_antaurco", "parcial_antaurco.csproj", "{DF5F5012-F8E2-485B-BD60-06688D2B62FD}"
EndProject
Global
	GlobalSection(SolutionConfigurationPlatforms) = preSolution
		Debug|Any CPU = Debug|Any CPU
		Release|Any CPU = Release|Any CPU
	EndGlobalSection
	GlobalSection(ProjectConfigurationPlatforms) = postSolution
		{DF5F5012-F8E2-485B-BD60-06688D2B62FD}.Debug|Any CPU.ActiveCfg = Debug|Any CPU
		{DF5F5012-F8E2-485B-BD60-06688D2B62FD}.Debug|Any CPU.Build.0 = Debug|Any CPU
		{DF5F5012-F8E2-485B-BD60-06688D2B62FD}.Release|Any CPU.ActiveCfg = Release|Any CPU
		{DF5F5012-F8E2-485B-BD60-06688D2B62FD}.Release|Any CPU.Build.0 = Release|Any CPU
	EndGlobalSection
	GlobalSection(SolutionProperties) = preSolution
		HideSolutionNode = FALSE
	EndGlobalSection
	GlobalSection(ExtensibilityGlobals) = postSolution
		SolutionGuid = {63282573-CB5A-45A3-AB6F-5EE47FAFC087}
	EndGlobalSection
EndGlobal
